
Microsoft Visual Studio Solution File, Format Version 12.00
# Visual Studio Version 17
VisualStudioVersion = 17.3.32819.101
MinimumVisualStudioVersion = 10.0.40219.1
Project("{FAE04EC0-301F-11D3-BF4B-00C04F79EFBC}") = "SoftwareEngineeringChallenge", "SoftwareEngineeringChallenge\SoftwareEngineeringChallenge.csproj", "{FC98F583-BD33-4EE1-AEAD-C16EF4579488}"
EndProject
Global
	GlobalSection(SolutionConfigurationPlatforms) = preSolution
		Debug|Any CPU = Debug|Any CPU
		Release|Any CPU = Release|Any CPU
	EndGlobalSection
	GlobalSection(ProjectConfigurationPlatforms) = postSolution
		{FC98F583-BD33-4EE1-AEAD-C16EF4579488}.Debug|Any CPU.ActiveCfg = Debug|Any CPU
		{FC98F583-BD33-4EE1-AEAD-C16EF4579488}.Debug|Any CPU.Build.0 = Debug|Any CPU
		{FC98F583-BD33-4EE1-AEAD-C16EF4579488}.Release|Any CPU.ActiveCfg = Release|Any CPU
		{FC98F583-BD33-4EE1-AEAD-C16EF4579488}.Release|Any CPU.Build.0 = Release|Any CPU
	EndGlobalSection
	GlobalSection(SolutionProperties) = preSolution
		HideSolutionNode = FALSE
	EndGlobalSection
	GlobalSection(ExtensibilityGlobals) = postSolution
		SolutionGuid = {F750560C-5A12-4B4F-9106-E1B12802702C}
	EndGlobalSection
EndGlobal
